
Microsoft Visual Studio Solution File, Format Version 12.00
# Visual Studio Version 16
VisualStudioVersion = 16.0.30330.147
MinimumVisualStudioVersion = 10.0.40219.1
Project("{FAE04EC0-301F-11D3-BF4B-00C04F79EFBC}") = "AppleAndOrange", "AppleAndOrange.csproj", "{DDE854F5-17A2-4F50-8EBF-9D7E0BA21F5B}"
EndProject
Global
	GlobalSection(SolutionConfigurationPlatforms) = preSolution
		Debug|Any CPU = Debug|Any CPU
		Release|Any CPU = Release|Any CPU
	EndGlobalSection
	GlobalSection(ProjectConfigurationPlatforms) = postSolution
		{DDE854F5-17A2-4F50-8EBF-9D7E0BA21F5B}.Debug|Any CPU.ActiveCfg = Debug|Any CPU
		{DDE854F5-17A2-4F50-8EBF-9D7E0BA21F5B}.Debug|Any CPU.Build.0 = Debug|Any CPU
		{DDE854F5-17A2-4F50-8EBF-9D7E0BA21F5B}.Release|Any CPU.ActiveCfg = Release|Any CPU
		{DDE854F5-17A2-4F50-8EBF-9D7E0BA21F5B}.Release|Any CPU.Build.0 = Release|Any CPU
	EndGlobalSection
	GlobalSection(SolutionProperties) = preSolution
		HideSolutionNode = FALSE
	EndGlobalSection
	GlobalSection(ExtensibilityGlobals) = postSolution
		SolutionGuid = {0CD8E3B8-16A1-42C0-B311-1E4BAE52A8FF}
	EndGlobalSection
EndGlobal
